
Microsoft Visual Studio Solution File, Format Version 12.00
# Visual Studio Version 16
VisualStudioVersion = 16.0.29519.87
MinimumVisualStudioVersion = 10.0.40219.1
Project("{FAE04EC0-301F-11D3-BF4B-00C04F79EFBC}") = "ScrapItUp", "ScrapItUp\ScrapItUp.csproj", "{20A30552-B4F6-4711-BF99-E42A99EE8DA7}"
EndProject
Global
	GlobalSection(SolutionConfigurationPlatforms) = preSolution
		Debug|Any CPU = Debug|Any CPU
		Release|Any CPU = Release|Any CPU
	EndGlobalSection
	GlobalSection(ProjectConfigurationPlatforms) = postSolution
		{20A30552-B4F6-4711-BF99-E42A99EE8DA7}.Debug|Any CPU.ActiveCfg = Debug|Any CPU
		{20A30552-B4F6-4711-BF99-E42A99EE8DA7}.Debug|Any CPU.Build.0 = Debug|Any CPU
		{20A30552-B4F6-4711-BF99-E42A99EE8DA7}.Release|Any CPU.ActiveCfg = Release|Any CPU
		{20A30552-B4F6-4711-BF99-E42A99EE8DA7}.Release|Any CPU.Build.0 = Release|Any CPU
	EndGlobalSection
	GlobalSection(SolutionProperties) = preSolution
		HideSolutionNode = FALSE
	EndGlobalSection
	GlobalSection(ExtensibilityGlobals) = postSolution
		SolutionGuid = {E46D8509-27CD-444F-953C-CB427A0A28E0}
	EndGlobalSection
EndGlobal
